<?xml version="1.0" encoding="utf-8"?>
<Project xmlns="http://schemas.microsoft.com/developer/msbuild/2003">
  <ItemGroup>
    <Filter Include="Form Files">
      <UniqueIdentifier>{99349809-55BA-4b9d-BF79-8FDBB0286EB3}</UniqueIdentifier>
      <Extensions>ui</Extensions>
      <ParseFiles>false</ParseFiles>
    </Filter>
    <Filter Include="Form Files">
      <UniqueIdentifier>{99349809-55BA-4b9d-BF79-8FDBB0286EB3}</UniqueIdentifier>
      <Extensions>ui</Extensions>
      <ParseFiles>false</ParseFiles>
    </Filter>
    <Filter Include="Generated Files">
      <UniqueIdentifier>{71ED8ED8-ACB9-4CE9-BBE1-E00B30144E11}</UniqueIdentifier>
      <Extensions>cpp;c;cxx;moc;h;def;odl;idl;res;</Extensions>
    </Filter>
    <Filter Include="Generated Files">
      <UniqueIdentifier>{71ED8ED8-ACB9-4CE9-BBE1-E00B30144E11}</UniqueIdentifier>
      <Extensions>cpp;c;cxx;moc;h;def;odl;idl;res;</Extensions>
    </Filter>
    <Filter Include="Header Files">
      <UniqueIdentifier>{93995380-89BD-4b04-88EB-625FBE52EBFB}</UniqueIdentifier>
      <Extensions>h;hpp;hxx;hm;inl;inc;xsd</Extensions>
    </Filter>
    <Filter Include="Header Files">
      <UniqueIdentifier>{93995380-89BD-4b04-88EB-625FBE52EBFB}</UniqueIdentifier>
      <Extensions>h;hpp;hxx;hm;inl;inc;xsd</Extensions>
    </Filter>
    <Filter Include="Resource Files">
      <UniqueIdentifier>{D9D6E242-F8AF-46E4-B9FD-80ECBC20BA3E}</UniqueIdentifier>
      <Extensions>qrc;*</Extensions>
      <ParseFiles>false</ParseFiles>
    </Filter>
    <Filter Include="Resource Files">
      <UniqueIdentifier>{D9D6E242-F8AF-46E4-B9FD-80ECBC20BA3E}</UniqueIdentifier>
      <Extensions>qrc;*</Extensions>
      <ParseFiles>false</ParseFiles>
    </Filter>
    <Filter Include="Source Files">
      <UniqueIdentifier>{4FC737F1-C7A5-4376-A066-2A32D752A2FF}</UniqueIdentifier>
      <Extensions>cpp;c;cxx;def;odl;idl;hpj;bat;asm;asmx</Extensions>
    </Filter>
    <Filter Include="Source Files">
      <UniqueIdentifier>{4FC737F1-C7A5-4376-A066-2A32D752A2FF}</UniqueIdentifier>
      <Extensions>cpp;c;cxx;def;odl;idl;hpj;bat;asm;asmx</Extensions>
    </Filter>
  </ItemGroup>
  <ItemGroup>
    <ClCompile Include="config.cpp">
      <Filter>Source Files</Filter>
    </ClCompile>
    <ClCompile Include="item.cpp">
      <Filter>Source Files</Filter>
    </ClCompile>
    <ClCompile Include="main.cpp">
      <Filter>Source Files</Filter>
    </ClCompile>
    <ClCompile Include="mainwindow.cpp">
      <Filter>Source Files</Filter>
    </ClCompile>
    <ClCompile Include="savetopimgdialog.cpp">
      <Filter>Source Files</Filter>
    </ClCompile>
    <ClCompile Include="selectviewsizedialog.cpp">
      <Filter>Source Files</Filter>
    </ClCompile>
    <ClCompile Include="setattributedialog.cpp">
      <Filter>Source Files</Filter>
    </ClCompile>
    <ClCompile Include="setmiledialog.cpp">
      <Filter>Source Files</Filter>
    </ClCompile>
    <ClCompile Include="svgview.cpp">
      <Filter>Source Files</Filter>
    </ClCompile>
    <ClCompile Include="svgviewshow.cpp">
      <Filter>Source Files</Filter>
    </ClCompile>
    <ClCompile Include="xmlnodeaction.cpp">
      <Filter>Source Files</Filter>
    </ClCompile>
  </ItemGroup>
  <ItemGroup>
    <ClInclude Include="common.h">
      <Filter>Header Files</Filter>
    </ClInclude>
    <ClInclude Include="config.h">
      <Filter>Header Files</Filter>
    </ClInclude>
    <ClInclude Include="Libraries\include\imgAnno.h">
      <Filter>Header Files</Filter>
    </ClInclude>
    <ClInclude Include="item.h">
      <Filter>Header Files</Filter>
    </ClInclude>
    <QtMoc Include="mainwindow.h">
      <Filter>Header Files</Filter>
    </QtMoc>
    <QtMoc Include="savetopimgdialog.h">
      <Filter>Header Files</Filter>
    </QtMoc>
    <QtMoc Include="selectviewsizedialog.h">
      <Filter>Header Files</Filter>
    </QtMoc>
    <QtMoc Include="setattributedialog.h">
      <Filter>Header Files</Filter>
    </QtMoc>
    <QtMoc Include="setmiledialog.h">
      <Filter>Header Files</Filter>
    </QtMoc>
    <QtMoc Include="svgview.h">
      <Filter>Header Files</Filter>
    </QtMoc>
    <QtMoc Include="svgviewshow.h">
      <Filter>Header Files</Filter>
    </QtMoc>
    <QtMoc Include="xmlnodeaction.h">
      <Filter>Header Files</Filter>
    </QtMoc>
  </ItemGroup>
  <ItemGroup>
    
    
    <CustomBuild Include="debug\moc_predefs.h.cbt">
      <Filter>Generated Files</Filter>
    </CustomBuild>
    <CustomBuild Include="release\moc_predefs.h.cbt">
      <Filter>Generated Files</Filter>
    </CustomBuild>
    
    
    
    
    
    
    
    
    
    
    
    
    
    
    
    
    <ClInclude Include="ui_mainwindow.h">
      <Filter>Generated Files</Filter>
    </ClInclude>
    <ClInclude Include="ui_savetopimgdialog.h">
      <Filter>Generated Files</Filter>
    </ClInclude>
    <ClInclude Include="ui_selectviewsizedialog.h">
      <Filter>Generated Files</Filter>
    </ClInclude>
    <ClInclude Include="ui_setattributedialog.h">
      <Filter>Generated Files</Filter>
    </ClInclude>
    <ClInclude Include="ui_setmiledialog.h">
      <Filter>Generated Files</Filter>
    </ClInclude>
  </ItemGroup>
  <ItemGroup>
    <QtUic Include="mainwindow.ui">
      <Filter>Form Files</Filter>
    </QtUic>
    <QtUic Include="savetopimgdialog.ui">
      <Filter>Form Files</Filter>
    </QtUic>
    <QtUic Include="selectviewsizedialog.ui">
      <Filter>Form Files</Filter>
    </QtUic>
    <QtUic Include="setattributedialog.ui">
      <Filter>Form Files</Filter>
    </QtUic>
    <QtUic Include="setmiledialog.ui">
      <Filter>Form Files</Filter>
    </QtUic>
  </ItemGroup>
  <ItemGroup>
    <None Include="Resource\TextPos.png">
      <Filter>Resource Files</Filter>
    </None>
    <None Include="Resource\clip.png">
      <Filter>Resource Files</Filter>
    </None>
    <None Include="Resource\cross.png">
      <Filter>Resource Files</Filter>
    </None>
    <None Include="Resource\cut.png">
      <Filter>Resource Files</Filter>
    </None>
    <None Include="Resource\editPngState.png">
      <Filter>Resource Files</Filter>
    </None>
    <None Include="Resource\editTextState.png">
      <Filter>Resource Files</Filter>
    </None>
    <None Include="Resource\edit_Img.png">
      <Filter>Resource Files</Filter>
    </None>
    <None Include="Resource\flag.png">
      <Filter>Resource Files</Filter>
    </None>
    <None Include="Resource\forbidEdit.png">
      <Filter>Resource Files</Filter>
    </None>
    <None Include="Resource\help.png">
      <Filter>Resource Files</Filter>
    </None>
    <None Include="Resource\line.png">
      <Filter>Resource Files</Filter>
    </None>
    <None Include="Resource\node.png">
      <Filter>Resource Files</Filter>
    </None>
    <None Include="Resource\openBack.png">
      <Filter>Resource Files</Filter>
    </None>
    <None Include="Resource\openTop.png">
      <Filter>Resource Files</Filter>
    </None>
    <None Include="Resource\open_dir.png">
      <Filter>Resource Files</Filter>
    </None>
    <None Include="Resource\processs.png">
      <Filter>Resource Files</Filter>
    </None>
    <None Include="Resource\refresh.png">
      <Filter>Resource Files</Filter>
    </None>
    <QtRcc Include="resource.qrc">
      <Filter>Resource Files</Filter>
    </QtRcc>
    <None Include="Resource\save.png">
      <Filter>Resource Files</Filter>
    </None>
    <None Include="Resource\setMile.png">
      <Filter>Resource Files</Filter>
    </None>
  </ItemGroup>
  <ItemGroup>
    <ResourceCompile Include="Icon.rc" />
  </ItemGroup>
</Project>